
Microsoft Visual Studio Solution File, Format Version 12.00
# Visual Studio Version 17
VisualStudioVersion = 17.7.34031.279
MinimumVisualStudioVersion = 10.0.40219.1
Project("{FAE04EC0-301F-11D3-BF4B-00C04F79EFBC}") = "ATM8Patcher", "ATM8Patcher\ATM8Patcher.csproj", "{77662D4F-ACF9-46B0-8350-4480C9F8D3DC}"
EndProject
Global
	GlobalSection(SolutionConfigurationPlatforms) = preSolution
		Debug|Any CPU = Debug|Any CPU
		Release|Any CPU = Release|Any CPU
	EndGlobalSection
	GlobalSection(ProjectConfigurationPlatforms) = postSolution
		{77662D4F-ACF9-46B0-8350-4480C9F8D3DC}.Debug|Any CPU.ActiveCfg = Debug|Any CPU
		{77662D4F-ACF9-46B0-8350-4480C9F8D3DC}.Debug|Any CPU.Build.0 = Debug|Any CPU
		{77662D4F-ACF9-46B0-8350-4480C9F8D3DC}.Release|Any CPU.ActiveCfg = Release|Any CPU
		{77662D4F-ACF9-46B0-8350-4480C9F8D3DC}.Release|Any CPU.Build.0 = Release|Any CPU
	EndGlobalSection
	GlobalSection(SolutionProperties) = preSolution
		HideSolutionNode = FALSE
	EndGlobalSection
	GlobalSection(ExtensibilityGlobals) = postSolution
		SolutionGuid = {BBBC9E9E-884C-494B-AD16-851F0391C3D8}
	EndGlobalSection
EndGlobal
